
Microsoft Visual Studio Solution File, Format Version 12.00
# Visual Studio 15
VisualStudioVersion = 15.0.28010.2003
MinimumVisualStudioVersion = 10.0.40219.1
Project("{FAE04EC0-301F-11D3-BF4B-00C04F79EFBC}") = "Socrates-Promo6", "Socrates-Promo6\Socrates-Promo6.csproj", "{612F3940-3589-4A1D-A42A-CEE0CBAA95A2}"
EndProject
Project("{FAE04EC0-301F-11D3-BF4B-00C04F79EFBC}") = "Socrates-Promo6.Test", "Socrates-Promo6.Test\Socrates-Promo6.Test.csproj", "{3B9FF179-B777-4136-AAC8-5F9FE3EDB9E8}"
EndProject
Global
	GlobalSection(SolutionConfigurationPlatforms) = preSolution
		Debug|Any CPU = Debug|Any CPU
		Release|Any CPU = Release|Any CPU
	EndGlobalSection
	GlobalSection(ProjectConfigurationPlatforms) = postSolution
		{612F3940-3589-4A1D-A42A-CEE0CBAA95A2}.Debug|Any CPU.ActiveCfg = Debug|Any CPU
		{612F3940-3589-4A1D-A42A-CEE0CBAA95A2}.Debug|Any CPU.Build.0 = Debug|Any CPU
		{612F3940-3589-4A1D-A42A-CEE0CBAA95A2}.Release|Any CPU.ActiveCfg = Release|Any CPU
		{612F3940-3589-4A1D-A42A-CEE0CBAA95A2}.Release|Any CPU.Build.0 = Release|Any CPU
		{3B9FF179-B777-4136-AAC8-5F9FE3EDB9E8}.Debug|Any CPU.ActiveCfg = Debug|Any CPU
		{3B9FF179-B777-4136-AAC8-5F9FE3EDB9E8}.Debug|Any CPU.Build.0 = Debug|Any CPU
		{3B9FF179-B777-4136-AAC8-5F9FE3EDB9E8}.Release|Any CPU.ActiveCfg = Release|Any CPU
		{3B9FF179-B777-4136-AAC8-5F9FE3EDB9E8}.Release|Any CPU.Build.0 = Release|Any CPU
	EndGlobalSection
	GlobalSection(SolutionProperties) = preSolution
		HideSolutionNode = FALSE
	EndGlobalSection
	GlobalSection(ExtensibilityGlobals) = postSolution
		SolutionGuid = {932E0312-86F7-4FF3-8116-55DBD2664CE9}
	EndGlobalSection
EndGlobal
